
Microsoft Visual Studio Solution File, Format Version 12.00
# Visual Studio Version 17
VisualStudioVersion = 17.7.34031.279
MinimumVisualStudioVersion = 10.0.40219.1
Project("{FAE04EC0-301F-11D3-BF4B-00C04F79EFBC}") = "SimpleVideoGameLibrary.Server", "SimpleVideoGameLibrary\Server\SimpleVideoGameLibrary.Server.csproj", "{23C94275-7960-423F-9FAA-C3B83C8FD4C0}"
EndProject
Project("{FAE04EC0-301F-11D3-BF4B-00C04F79EFBC}") = "SimpleVideoGameLibrary.Client", "SimpleVideoGameLibrary\Client\SimpleVideoGameLibrary.Client.csproj", "{A9D1A648-AA1D-4E26-A111-6CDA89C5451C}"
EndProject
Project("{FAE04EC0-301F-11D3-BF4B-00C04F79EFBC}") = "SimpleVideoGameLibrary.Shared", "SimpleVideoGameLibrary\Shared\SimpleVideoGameLibrary.Shared.csproj", "{5222D615-91CA-4606-B255-EA5350F9B909}"
EndProject
Global
	GlobalSection(SolutionConfigurationPlatforms) = preSolution
		Debug|Any CPU = Debug|Any CPU
		Release|Any CPU = Release|Any CPU
	EndGlobalSection
	GlobalSection(ProjectConfigurationPlatforms) = postSolution
		{23C94275-7960-423F-9FAA-C3B83C8FD4C0}.Debug|Any CPU.ActiveCfg = Debug|Any CPU
		{23C94275-7960-423F-9FAA-C3B83C8FD4C0}.Debug|Any CPU.Build.0 = Debug|Any CPU
		{23C94275-7960-423F-9FAA-C3B83C8FD4C0}.Release|Any CPU.ActiveCfg = Release|Any CPU
		{23C94275-7960-423F-9FAA-C3B83C8FD4C0}.Release|Any CPU.Build.0 = Release|Any CPU
		{A9D1A648-AA1D-4E26-A111-6CDA89C5451C}.Debug|Any CPU.ActiveCfg = Debug|Any CPU
		{A9D1A648-AA1D-4E26-A111-6CDA89C5451C}.Debug|Any CPU.Build.0 = Debug|Any CPU
		{A9D1A648-AA1D-4E26-A111-6CDA89C5451C}.Release|Any CPU.ActiveCfg = Release|Any CPU
		{A9D1A648-AA1D-4E26-A111-6CDA89C5451C}.Release|Any CPU.Build.0 = Release|Any CPU
		{5222D615-91CA-4606-B255-EA5350F9B909}.Debug|Any CPU.ActiveCfg = Debug|Any CPU
		{5222D615-91CA-4606-B255-EA5350F9B909}.Debug|Any CPU.Build.0 = Debug|Any CPU
		{5222D615-91CA-4606-B255-EA5350F9B909}.Release|Any CPU.ActiveCfg = Release|Any CPU
		{5222D615-91CA-4606-B255-EA5350F9B909}.Release|Any CPU.Build.0 = Release|Any CPU
	EndGlobalSection
	GlobalSection(SolutionProperties) = preSolution
		HideSolutionNode = FALSE
	EndGlobalSection
	GlobalSection(ExtensibilityGlobals) = postSolution
		SolutionGuid = {851D1A16-56DC-4DA8-A9DA-60B738875609}
	EndGlobalSection
EndGlobal
